# This file is automatically @generated by Cargo.
# It is not intended for manual editing.
[[package]]
name = "array-init"
version = "0.0.4"
source = "registry+https://github.com/rust-lang/crates.io-index"
checksum = "23589ecb866b460d3a0f1278834750268c607e8e28a1b982c907219f3178cd72"
dependencies = [
 "nodrop",
]

[[package]]
name = "autocfg"
version = "0.1.7"
source = "registry+https://github.com/rust-lang/crates.io-index"
checksum = "1d49d90015b3c36167a20fe2810c5cd875ad504b39cff3d4eae7977e6b7c1cb2"

[[package]]
name = "bit_field"
version = "0.9.0"
source = "registry+https://github.com/rust-lang/crates.io-index"
checksum = "ed8765909f9009617974ab6b7d332625b320b33c326b1e9321382ef1999b5d56"

[[package]]
name = "bitflags"
version = "1.2.1"
source = "registry+https://github.com/rust-lang/crates.io-index"
checksum = "cf1de2fe8c75bc145a2f577add951f8134889b4795d47466a54a5c846d691693"

[[package]]
name = "cast"
version = "0.2.3"
source = "registry+https://github.com/rust-lang/crates.io-index"
checksum = "4b9434b9a5aa1450faa3f9cb14ea0e8c53bb5d2b3c1bfd1ab4fc03e9f33fbfb0"
dependencies = [
 "rustc_version",
]

[[package]]
name = "cfg-if"
version = "0.1.10"
source = "registry+https://github.com/rust-lang/crates.io-index"
checksum = "4785bdd1c96b2a846b2bd7cc02e86b6b3dbf14e7e53446c4f54c92a361040822"

[[package]]
name = "chrono"
version = "0.4.10"
source = "registry+https://github.com/rust-lang/crates.io-index"
checksum = "31850b4a4d6bae316f7a09e691c944c28299298837edc0a03f755618c23cbc01"
dependencies = [
 "num-integer",
 "num-traits",
]

[[package]]
name = "log"
version = "0.4.8"
source = "registry+https://github.com/rust-lang/crates.io-index"
checksum = "14b6052be84e6b71ab17edffc2eeabf5c2c3ae1fdb464aae35ac50c67a44e1f7"
dependencies = [
 "cfg-if",
]

[[package]]
name = "nodrop"
version = "0.1.14"
source = "registry+https://github.com/rust-lang/crates.io-index"
checksum = "72ef4a56884ca558e5ddb05a1d1e7e1bfd9a68d9ed024c21704cc98872dae1bb"

[[package]]
name = "num-integer"
version = "0.1.41"
source = "registry+https://github.com/rust-lang/crates.io-index"
checksum = "b85e541ef8255f6cf42bbfe4ef361305c6c135d10919ecc26126c4e5ae94bc09"
dependencies = [
 "autocfg",
 "num-traits",
]

[[package]]
name = "num-traits"
version = "0.2.10"
source = "registry+https://github.com/rust-lang/crates.io-index"
checksum = "d4c81ffc11c212fa327657cb19dd85eb7419e163b5b076bede2bdb5c974c07e4"
dependencies = [
 "autocfg",
]

[[package]]
name = "proc-macro2"
version = "1.0.7"
source = "registry+https://github.com/rust-lang/crates.io-index"
checksum = "0319972dcae462681daf4da1adeeaa066e3ebd29c69be96c6abb1259d2ee2bcc"
dependencies = [
 "unicode-xid",
]

[[package]]
name = "quote"
version = "1.0.2"
source = "registry+https://github.com/rust-lang/crates.io-index"
checksum = "053a8c8bcc71fcce321828dc897a98ab9760bef03a4fc36693c231e5b3216cfe"
dependencies = [
 "proc-macro2",
]

[[package]]
name = "rlibc"
version = "1.0.0"
source = "registry+https://github.com/rust-lang/crates.io-index"
checksum = "fc874b127765f014d792f16763a81245ab80500e2ad921ed4ee9e82481ee08fe"

[[package]]
name = "rustc_version"
version = "0.2.3"
source = "registry+https://github.com/rust-lang/crates.io-index"
checksum = "138e3e0acb6c9fb258b19b67cb8abd63c00679d2851805ea151465464fe9030a"
dependencies = [
 "semver",
]

[[package]]
name = "semver"
version = "0.9.0"
source = "registry+https://github.com/rust-lang/crates.io-index"
checksum = "1d7eb9ef2c18661902cc47e535f9bc51b78acd254da71d375c2f6720d9a40403"
dependencies = [
 "semver-parser",
]

[[package]]
name = "semver-parser"
version = "0.7.0"
source = "registry+https://github.com/rust-lang/crates.io-index"
checksum = "388a1df253eca08550bef6c72392cfe7c30914bf41df5269b68cbd6ff8f570a3"

[[package]]
name = "syn"
version = "1.0.13"
source = "registry+https://github.com/rust-lang/crates.io-index"
checksum = "1e4ff033220a41d1a57d8125eab57bf5263783dfdcc18688b1dacc6ce9651ef8"
dependencies = [
 "proc-macro2",
 "quote",
 "unicode-xid",
]

[[package]]
name = "ucs2"
version = "0.2.0"
source = "registry+https://github.com/rust-lang/crates.io-index"
checksum = "517566d61c8a1c347e75ef90f70099e27de717f931cc31119ad31544641aca64"

[[package]]
name = "uefi"
version = "0.4.2"
source = "registry+https://github.com/rust-lang/crates.io-index"
checksum = "c13f3b9027e3541b99c7ff62d334a656c7ec868b4bdd90aa63dd1dbd3cebd114"
dependencies = [
 "bitflags",
 "log",
 "ucs2",
 "uefi-macros",
]

[[package]]
name = "uefi-macros"
version = "0.3.0"
source = "registry+https://github.com/rust-lang/crates.io-index"
checksum = "111ba394b5fe37b5d80ccc224dec2d5f0cba33f962f236f66a9c536c5dd5d878"
dependencies = [
 "proc-macro2",
 "quote",
 "syn",
]

[[package]]
name = "uefi-services"
version = "0.2.0"
source = "registry+https://github.com/rust-lang/crates.io-index"
checksum = "3984a429b4ab96e84e3af0c78f69f77cc2c9d5e3be7e1097ec8a6a28b4dc9ef8"
dependencies = [
 "log",
 "rlibc",
 "uefi",
 "x86_64 0.7.7",
]

[[package]]
name = "unicode-xid"
version = "0.2.0"
source = "registry+https://github.com/rust-lang/crates.io-index"
checksum = "826e7639553986605ec5979c7dd957c7895e93eabed50ab2ffa7f6128a75097c"

[[package]]
name = "ux"
version = "0.1.3"
source = "registry+https://github.com/rust-lang/crates.io-index"
checksum = "88dfeb711b61ce620c0cb6fd9f8e3e678622f0c971da2a63c4b3e25e88ed012f"

[[package]]
name = "x86_64"
version = "0.7.7"
source = "registry+https://github.com/rust-lang/crates.io-index"
checksum = "1f27d9168654aee1b0c1b73746caeb4aa33248f8b8c8f6e100e697fcc2a794b2"
dependencies = [
 "array-init",
 "bit_field",
 "bitflags",
 "cast",
 "ux",
]

[[package]]
name = "x86_64"
version = "0.8.3"
source = "registry+https://github.com/rust-lang/crates.io-index"
checksum = "5d9e3e26fcb51976eafa310e8f2b7a5a83ae8c185443efe50cbc6534a4fffa0d"
dependencies = [
 "bit_field",
 "bitflags",
 "cast",
]

[[package]]
name = "xmas-elf"
version = "0.7.0"
source = "registry+https://github.com/rust-lang/crates.io-index"
checksum = "e74de9a366f6ab8c405fa6b371d9ac24943921fa14b3d64afcb202065c405f11"
dependencies = [
 "zero",
]

[[package]]
name = "xv7-bootloader-uefi"
version = "0.1.0"
dependencies = [
 "chrono",
 "log",
 "uefi",
 "uefi-services",
 "x86_64 0.8.3",
 "xmas-elf",
]

[[package]]
name = "xv7-kernel"
version = "0.1.0"

[[package]]
name = "zero"
version = "0.1.2"
source = "registry+https://github.com/rust-lang/crates.io-index"
checksum = "5f1bc8a6b2005884962297587045002d8cfb8dcec9db332f4ca216ddc5de82c5"
